
Microsoft Visual Studio Solution File, Format Version 12.00
Project("{FAE04EC0-301F-11D3-BF4B-00C04F79EFBC}") = "WebApp", "WebApp\WebApp.csproj", "{5DF2E499-8F7B-4C52-97F5-38ECD01F1C1C}"
EndProject
Project("{FAE04EC0-301F-11D3-BF4B-00C04F79EFBC}") = "Domain", "Domain\Domain.csproj", "{7536DE83-27C4-4771-8A12-38792DCC1A65}"
EndProject
Project("{2150E333-8FDC-42A3-9474-1A3956D46DE8}") = "Solution Items", "Solution Items", "{16CA3938-BA91-45BB-84A2-871A3F984570}"
ProjectSection(SolutionItems) = preProject
	README.md = README.md
EndProjectSection
EndProject
Project("{FAE04EC0-301F-11D3-BF4B-00C04F79EFBC}") = "DAL.App.EF", "DAL.App.EF\DAL.App.EF.csproj", "{5C687CD8-AA81-436A-9F61-A05EA604BA2E}"
EndProject
Global
	GlobalSection(SolutionConfigurationPlatforms) = preSolution
		Debug|Any CPU = Debug|Any CPU
		Release|Any CPU = Release|Any CPU
	EndGlobalSection
	GlobalSection(ProjectConfigurationPlatforms) = postSolution
		{5DF2E499-8F7B-4C52-97F5-38ECD01F1C1C}.Debug|Any CPU.ActiveCfg = Debug|Any CPU
		{5DF2E499-8F7B-4C52-97F5-38ECD01F1C1C}.Debug|Any CPU.Build.0 = Debug|Any CPU
		{5DF2E499-8F7B-4C52-97F5-38ECD01F1C1C}.Release|Any CPU.ActiveCfg = Release|Any CPU
		{5DF2E499-8F7B-4C52-97F5-38ECD01F1C1C}.Release|Any CPU.Build.0 = Release|Any CPU
		{7536DE83-27C4-4771-8A12-38792DCC1A65}.Debug|Any CPU.ActiveCfg = Debug|Any CPU
		{7536DE83-27C4-4771-8A12-38792DCC1A65}.Debug|Any CPU.Build.0 = Debug|Any CPU
		{7536DE83-27C4-4771-8A12-38792DCC1A65}.Release|Any CPU.ActiveCfg = Release|Any CPU
		{7536DE83-27C4-4771-8A12-38792DCC1A65}.Release|Any CPU.Build.0 = Release|Any CPU
		{5C687CD8-AA81-436A-9F61-A05EA604BA2E}.Debug|Any CPU.ActiveCfg = Debug|Any CPU
		{5C687CD8-AA81-436A-9F61-A05EA604BA2E}.Debug|Any CPU.Build.0 = Debug|Any CPU
		{5C687CD8-AA81-436A-9F61-A05EA604BA2E}.Release|Any CPU.ActiveCfg = Release|Any CPU
		{5C687CD8-AA81-436A-9F61-A05EA604BA2E}.Release|Any CPU.Build.0 = Release|Any CPU
	EndGlobalSection
EndGlobal
