
Microsoft Visual Studio Solution File, Format Version 12.00
# Visual Studio 15
Project("{FAE04EC0-301F-11D3-BF4B-00C04F79EFBC}") = "WebApp", "WebApp\WebApp.csproj", "{0DA29590-F9FA-436E-961C-FDF30F2457EB}"
EndProject
Project("{FAE04EC0-301F-11D3-BF4B-00C04F79EFBC}") = "Domain", "Domain\Domain.csproj", "{8160195C-5070-4686-9FCC-967DC01D002D}"
EndProject
Project("{FAE04EC0-301F-11D3-BF4B-00C04F79EFBC}") = "DAL.App.EF", "DAL.App.EF\DAL.App.EF.csproj", "{B958DA2D-73B9-41D0-BA21-41905C50187B}"
EndProject
Project("{2150E333-8FDC-42A3-9474-1A3956D46DE8}") = "_Solution Items", "_Solution Items", "{EFA99D11-DD70-47D3-80BA-5CA21959A0BE}"
	ProjectSection(SolutionItems) = preProject
		README.md = README.md
	EndProjectSection
EndProject
Project("{FAE04EC0-301F-11D3-BF4B-00C04F79EFBC}") = "Contracts.DAL.Base", "Contracts.DAL.Base\Contracts.DAL.Base.csproj", "{CFE216DF-E90E-423C-8840-1D1F1C3FC5CC}"
EndProject
Project("{FAE04EC0-301F-11D3-BF4B-00C04F79EFBC}") = "DAL.Base", "DAL.Base\DAL.Base.csproj", "{287FEBEF-C666-46C3-950E-8D46748A2818}"
EndProject
Project("{FAE04EC0-301F-11D3-BF4B-00C04F79EFBC}") = "DAL.Base.EF", "DAL.Base.EF\DAL.Base.EF.csproj", "{9EBB1E57-C4FE-40C2-8EC1-B4FFDBB2BC60}"
EndProject
Project("{FAE04EC0-301F-11D3-BF4B-00C04F79EFBC}") = "Contracts.DAL.App", "Contracts.DAL.App\Contracts.DAL.App.csproj", "{45FD6EDC-FB75-43CD-A124-CA17DDBAEE21}"
EndProject
Project("{FAE04EC0-301F-11D3-BF4B-00C04F79EFBC}") = "PublicApi.DTO.v1", "PublicApi.DTO.v1\PublicApi.DTO.v1.csproj", "{B506FAEE-8D95-4EAC-9C1C-C7145006D64B}"
EndProject
Project("{FAE04EC0-301F-11D3-BF4B-00C04F79EFBC}") = "Extensions", "Extensions\Extensions.csproj", "{5CC5C34E-93FA-45DA-A7BC-29AB48F140D2}"
EndProject
Project("{FAE04EC0-301F-11D3-BF4B-00C04F79EFBC}") = "Contracts.BLL.Base", "Contracts.BLL.Base\Contracts.BLL.Base.csproj", "{51681986-8FAB-43B2-BFFD-C618C18ACECA}"
EndProject
Project("{FAE04EC0-301F-11D3-BF4B-00C04F79EFBC}") = "BLL.Base", "BLL.Base\BLL.Base.csproj", "{F5EDF85C-ED36-4736-B987-AF217F01B0F4}"
EndProject
Project("{2150E333-8FDC-42A3-9474-1A3956D46DE8}") = "DAL", "DAL", "{210A4BB9-8A4C-4531-B111-499947D6E572}"
EndProject
Project("{2150E333-8FDC-42A3-9474-1A3956D46DE8}") = "BLL", "BLL", "{0F390FC0-0211-4288-86E1-A3FCED9A4F5C}"
EndProject
Project("{FAE04EC0-301F-11D3-BF4B-00C04F79EFBC}") = "Resources", "Resources\Resources.csproj", "{A8D6B580-0D32-4019-8D4A-6843E5084A11}"
EndProject
Global
	GlobalSection(SolutionConfigurationPlatforms) = preSolution
		Debug|Any CPU = Debug|Any CPU
		Release|Any CPU = Release|Any CPU
	EndGlobalSection
	GlobalSection(ProjectConfigurationPlatforms) = postSolution
		{0DA29590-F9FA-436E-961C-FDF30F2457EB}.Debug|Any CPU.ActiveCfg = Debug|Any CPU
		{0DA29590-F9FA-436E-961C-FDF30F2457EB}.Debug|Any CPU.Build.0 = Debug|Any CPU
		{0DA29590-F9FA-436E-961C-FDF30F2457EB}.Release|Any CPU.ActiveCfg = Release|Any CPU
		{0DA29590-F9FA-436E-961C-FDF30F2457EB}.Release|Any CPU.Build.0 = Release|Any CPU
		{8160195C-5070-4686-9FCC-967DC01D002D}.Debug|Any CPU.ActiveCfg = Debug|Any CPU
		{8160195C-5070-4686-9FCC-967DC01D002D}.Debug|Any CPU.Build.0 = Debug|Any CPU
		{8160195C-5070-4686-9FCC-967DC01D002D}.Release|Any CPU.ActiveCfg = Release|Any CPU
		{8160195C-5070-4686-9FCC-967DC01D002D}.Release|Any CPU.Build.0 = Release|Any CPU
		{B958DA2D-73B9-41D0-BA21-41905C50187B}.Debug|Any CPU.ActiveCfg = Debug|Any CPU
		{B958DA2D-73B9-41D0-BA21-41905C50187B}.Debug|Any CPU.Build.0 = Debug|Any CPU
		{B958DA2D-73B9-41D0-BA21-41905C50187B}.Release|Any CPU.ActiveCfg = Release|Any CPU
		{B958DA2D-73B9-41D0-BA21-41905C50187B}.Release|Any CPU.Build.0 = Release|Any CPU
		{CFE216DF-E90E-423C-8840-1D1F1C3FC5CC}.Debug|Any CPU.ActiveCfg = Debug|Any CPU
		{CFE216DF-E90E-423C-8840-1D1F1C3FC5CC}.Debug|Any CPU.Build.0 = Debug|Any CPU
		{CFE216DF-E90E-423C-8840-1D1F1C3FC5CC}.Release|Any CPU.ActiveCfg = Release|Any CPU
		{CFE216DF-E90E-423C-8840-1D1F1C3FC5CC}.Release|Any CPU.Build.0 = Release|Any CPU
		{287FEBEF-C666-46C3-950E-8D46748A2818}.Debug|Any CPU.ActiveCfg = Debug|Any CPU
		{287FEBEF-C666-46C3-950E-8D46748A2818}.Debug|Any CPU.Build.0 = Debug|Any CPU
		{287FEBEF-C666-46C3-950E-8D46748A2818}.Release|Any CPU.ActiveCfg = Release|Any CPU
		{287FEBEF-C666-46C3-950E-8D46748A2818}.Release|Any CPU.Build.0 = Release|Any CPU
		{9EBB1E57-C4FE-40C2-8EC1-B4FFDBB2BC60}.Debug|Any CPU.ActiveCfg = Debug|Any CPU
		{9EBB1E57-C4FE-40C2-8EC1-B4FFDBB2BC60}.Debug|Any CPU.Build.0 = Debug|Any CPU
		{9EBB1E57-C4FE-40C2-8EC1-B4FFDBB2BC60}.Release|Any CPU.ActiveCfg = Release|Any CPU
		{9EBB1E57-C4FE-40C2-8EC1-B4FFDBB2BC60}.Release|Any CPU.Build.0 = Release|Any CPU
		{45FD6EDC-FB75-43CD-A124-CA17DDBAEE21}.Debug|Any CPU.ActiveCfg = Debug|Any CPU
		{45FD6EDC-FB75-43CD-A124-CA17DDBAEE21}.Debug|Any CPU.Build.0 = Debug|Any CPU
		{45FD6EDC-FB75-43CD-A124-CA17DDBAEE21}.Release|Any CPU.ActiveCfg = Release|Any CPU
		{45FD6EDC-FB75-43CD-A124-CA17DDBAEE21}.Release|Any CPU.Build.0 = Release|Any CPU
		{B506FAEE-8D95-4EAC-9C1C-C7145006D64B}.Debug|Any CPU.ActiveCfg = Debug|Any CPU
		{B506FAEE-8D95-4EAC-9C1C-C7145006D64B}.Debug|Any CPU.Build.0 = Debug|Any CPU
		{B506FAEE-8D95-4EAC-9C1C-C7145006D64B}.Release|Any CPU.ActiveCfg = Release|Any CPU
		{B506FAEE-8D95-4EAC-9C1C-C7145006D64B}.Release|Any CPU.Build.0 = Release|Any CPU
		{5CC5C34E-93FA-45DA-A7BC-29AB48F140D2}.Debug|Any CPU.ActiveCfg = Debug|Any CPU
		{5CC5C34E-93FA-45DA-A7BC-29AB48F140D2}.Debug|Any CPU.Build.0 = Debug|Any CPU
		{5CC5C34E-93FA-45DA-A7BC-29AB48F140D2}.Release|Any CPU.ActiveCfg = Release|Any CPU
		{5CC5C34E-93FA-45DA-A7BC-29AB48F140D2}.Release|Any CPU.Build.0 = Release|Any CPU
		{51681986-8FAB-43B2-BFFD-C618C18ACECA}.Debug|Any CPU.ActiveCfg = Debug|Any CPU
		{51681986-8FAB-43B2-BFFD-C618C18ACECA}.Debug|Any CPU.Build.0 = Debug|Any CPU
		{51681986-8FAB-43B2-BFFD-C618C18ACECA}.Release|Any CPU.ActiveCfg = Release|Any CPU
		{51681986-8FAB-43B2-BFFD-C618C18ACECA}.Release|Any CPU.Build.0 = Release|Any CPU
		{F5EDF85C-ED36-4736-B987-AF217F01B0F4}.Debug|Any CPU.ActiveCfg = Debug|Any CPU
		{F5EDF85C-ED36-4736-B987-AF217F01B0F4}.Debug|Any CPU.Build.0 = Debug|Any CPU
		{F5EDF85C-ED36-4736-B987-AF217F01B0F4}.Release|Any CPU.ActiveCfg = Release|Any CPU
		{F5EDF85C-ED36-4736-B987-AF217F01B0F4}.Release|Any CPU.Build.0 = Release|Any CPU
		{A8D6B580-0D32-4019-8D4A-6843E5084A11}.Debug|Any CPU.ActiveCfg = Debug|Any CPU
		{A8D6B580-0D32-4019-8D4A-6843E5084A11}.Debug|Any CPU.Build.0 = Debug|Any CPU
		{A8D6B580-0D32-4019-8D4A-6843E5084A11}.Release|Any CPU.ActiveCfg = Release|Any CPU
		{A8D6B580-0D32-4019-8D4A-6843E5084A11}.Release|Any CPU.Build.0 = Release|Any CPU
	EndGlobalSection
	GlobalSection(NestedProjects) = preSolution
		{F5EDF85C-ED36-4736-B987-AF217F01B0F4} = {0F390FC0-0211-4288-86E1-A3FCED9A4F5C}
		{51681986-8FAB-43B2-BFFD-C618C18ACECA} = {0F390FC0-0211-4288-86E1-A3FCED9A4F5C}
		{45FD6EDC-FB75-43CD-A124-CA17DDBAEE21} = {210A4BB9-8A4C-4531-B111-499947D6E572}
		{CFE216DF-E90E-423C-8840-1D1F1C3FC5CC} = {210A4BB9-8A4C-4531-B111-499947D6E572}
		{B958DA2D-73B9-41D0-BA21-41905C50187B} = {210A4BB9-8A4C-4531-B111-499947D6E572}
		{287FEBEF-C666-46C3-950E-8D46748A2818} = {210A4BB9-8A4C-4531-B111-499947D6E572}
		{9EBB1E57-C4FE-40C2-8EC1-B4FFDBB2BC60} = {210A4BB9-8A4C-4531-B111-499947D6E572}
	EndGlobalSection
EndGlobal
