
Microsoft Visual Studio Solution File, Format Version 12.00
# Visual Studio 15
Project("{FAE04EC0-301F-11D3-BF4B-00C04F79EFBC}") = "WebApp", "WebApp\WebApp.csproj", "{0DA29590-F9FA-436E-961C-FDF30F2457EB}"
EndProject
Project("{FAE04EC0-301F-11D3-BF4B-00C04F79EFBC}") = "Domain.App", "Domain.App\Domain.App.csproj", "{8160195C-5070-4686-9FCC-967DC01D002D}"
EndProject
Project("{2150E333-8FDC-42A3-9474-1A3956D46DE8}") = "_Solution Items", "_Solution Items", "{EFA99D11-DD70-47D3-80BA-5CA21959A0BE}"
	ProjectSection(SolutionItems) = preProject
		README.md = README.md
		.gitignore = .gitignore
		Directory.Build.props = Directory.Build.props
	EndProjectSection
EndProject
Project("{FAE04EC0-301F-11D3-BF4B-00C04F79EFBC}") = "PublicApi.DTO.v1", "PublicApi.DTO.v1\PublicApi.DTO.v1.csproj", "{B506FAEE-8D95-4EAC-9C1C-C7145006D64B}"
EndProject
Project("{FAE04EC0-301F-11D3-BF4B-00C04F79EFBC}") = "Extensions", "Extensions\Extensions.csproj", "{5CC5C34E-93FA-45DA-A7BC-29AB48F140D2}"
EndProject
Project("{2150E333-8FDC-42A3-9474-1A3956D46DE8}") = "DAL", "DAL", "{210A4BB9-8A4C-4531-B111-499947D6E572}"
EndProject
Project("{2150E333-8FDC-42A3-9474-1A3956D46DE8}") = "BLL", "BLL", "{0F390FC0-0211-4288-86E1-A3FCED9A4F5C}"
EndProject
Project("{FAE04EC0-301F-11D3-BF4B-00C04F79EFBC}") = "Resources", "Resources\Resources.csproj", "{A8D6B580-0D32-4019-8D4A-6843E5084A11}"
EndProject
Project("{FAE04EC0-301F-11D3-BF4B-00C04F79EFBC}") = "BLL.App", "BLL.App\BLL.App.csproj", "{D737E25D-A989-44A7-8339-5A600E6FF146}"
EndProject
Project("{FAE04EC0-301F-11D3-BF4B-00C04F79EFBC}") = "BLL.App.DTO", "BLL.App.DTO\BLL.App.DTO.csproj", "{5421AA22-A458-4509-9BBD-37B5A21183EC}"
EndProject
Project("{FAE04EC0-301F-11D3-BF4B-00C04F79EFBC}") = "BLL.Base", "BLL.Base\BLL.Base.csproj", "{3CA76D96-33D5-42F9-879E-C213D6182288}"
EndProject
Project("{FAE04EC0-301F-11D3-BF4B-00C04F79EFBC}") = "Contracts.BLL.App", "Contracts.BLL.App\Contracts.BLL.App.csproj", "{32EA1B75-AD7B-4115-9368-7D7EF3D60CB6}"
EndProject
Project("{FAE04EC0-301F-11D3-BF4B-00C04F79EFBC}") = "Contracts.BLL.Base", "Contracts.BLL.Base\Contracts.BLL.Base.csproj", "{DB1D17B8-0070-4261-8ABC-2BC031132D89}"
EndProject
Project("{FAE04EC0-301F-11D3-BF4B-00C04F79EFBC}") = "Contracts.DAL.App", "Contracts.DAL.App\Contracts.DAL.App.csproj", "{DD09EF6F-9385-4B47-8285-B218817620AB}"
EndProject
Project("{FAE04EC0-301F-11D3-BF4B-00C04F79EFBC}") = "Contracts.DAL.Base", "Contracts.DAL.Base\Contracts.DAL.Base.csproj", "{29553B68-8B72-4DAE-A5E3-F5B56DD26A08}"
EndProject
Project("{FAE04EC0-301F-11D3-BF4B-00C04F79EFBC}") = "DAL.App.DTO", "DAL.App.DTO\DAL.App.DTO.csproj", "{7925D29C-F286-4FAB-B686-CEB291EC7D8F}"
EndProject
Project("{FAE04EC0-301F-11D3-BF4B-00C04F79EFBC}") = "DAL.App.EF", "DAL.App.EF\DAL.App.EF.csproj", "{8548419C-B910-4CF5-BE54-42122241F850}"
EndProject
Project("{FAE04EC0-301F-11D3-BF4B-00C04F79EFBC}") = "DAL.Base", "DAL.Base\DAL.Base.csproj", "{D129A091-0057-4F8E-8A60-5B7717929AB6}"
EndProject
Project("{FAE04EC0-301F-11D3-BF4B-00C04F79EFBC}") = "DAL.Base.EF", "DAL.Base.EF\DAL.Base.EF.csproj", "{8D85A3B6-5F03-4AED-9718-E253BFAC880B}"
EndProject
Project("{FAE04EC0-301F-11D3-BF4B-00C04F79EFBC}") = "Domain.Base", "Domain.Base\Domain.Base.csproj", "{97AB0C77-12BA-43E8-8014-E71836BD8935}"
EndProject
Project("{2150E333-8FDC-42A3-9474-1A3956D46DE8}") = "DOMAIN", "DOMAIN", "{AB37A8DC-1B5B-4DF0-8B2D-15D80C55E235}"
EndProject
Global
	GlobalSection(SolutionConfigurationPlatforms) = preSolution
		Debug|Any CPU = Debug|Any CPU
		Release|Any CPU = Release|Any CPU
	EndGlobalSection
	GlobalSection(ProjectConfigurationPlatforms) = postSolution
		{0DA29590-F9FA-436E-961C-FDF30F2457EB}.Debug|Any CPU.ActiveCfg = Debug|Any CPU
		{0DA29590-F9FA-436E-961C-FDF30F2457EB}.Debug|Any CPU.Build.0 = Debug|Any CPU
		{0DA29590-F9FA-436E-961C-FDF30F2457EB}.Release|Any CPU.ActiveCfg = Release|Any CPU
		{0DA29590-F9FA-436E-961C-FDF30F2457EB}.Release|Any CPU.Build.0 = Release|Any CPU
		{8160195C-5070-4686-9FCC-967DC01D002D}.Debug|Any CPU.ActiveCfg = Debug|Any CPU
		{8160195C-5070-4686-9FCC-967DC01D002D}.Debug|Any CPU.Build.0 = Debug|Any CPU
		{8160195C-5070-4686-9FCC-967DC01D002D}.Release|Any CPU.ActiveCfg = Release|Any CPU
		{8160195C-5070-4686-9FCC-967DC01D002D}.Release|Any CPU.Build.0 = Release|Any CPU
		{B506FAEE-8D95-4EAC-9C1C-C7145006D64B}.Debug|Any CPU.ActiveCfg = Debug|Any CPU
		{B506FAEE-8D95-4EAC-9C1C-C7145006D64B}.Debug|Any CPU.Build.0 = Debug|Any CPU
		{B506FAEE-8D95-4EAC-9C1C-C7145006D64B}.Release|Any CPU.ActiveCfg = Release|Any CPU
		{B506FAEE-8D95-4EAC-9C1C-C7145006D64B}.Release|Any CPU.Build.0 = Release|Any CPU
		{5CC5C34E-93FA-45DA-A7BC-29AB48F140D2}.Debug|Any CPU.ActiveCfg = Debug|Any CPU
		{5CC5C34E-93FA-45DA-A7BC-29AB48F140D2}.Debug|Any CPU.Build.0 = Debug|Any CPU
		{5CC5C34E-93FA-45DA-A7BC-29AB48F140D2}.Release|Any CPU.ActiveCfg = Release|Any CPU
		{5CC5C34E-93FA-45DA-A7BC-29AB48F140D2}.Release|Any CPU.Build.0 = Release|Any CPU
		{A8D6B580-0D32-4019-8D4A-6843E5084A11}.Debug|Any CPU.ActiveCfg = Debug|Any CPU
		{A8D6B580-0D32-4019-8D4A-6843E5084A11}.Debug|Any CPU.Build.0 = Debug|Any CPU
		{A8D6B580-0D32-4019-8D4A-6843E5084A11}.Release|Any CPU.ActiveCfg = Release|Any CPU
		{A8D6B580-0D32-4019-8D4A-6843E5084A11}.Release|Any CPU.Build.0 = Release|Any CPU
		{D737E25D-A989-44A7-8339-5A600E6FF146}.Debug|Any CPU.ActiveCfg = Debug|Any CPU
		{D737E25D-A989-44A7-8339-5A600E6FF146}.Debug|Any CPU.Build.0 = Debug|Any CPU
		{D737E25D-A989-44A7-8339-5A600E6FF146}.Release|Any CPU.ActiveCfg = Release|Any CPU
		{D737E25D-A989-44A7-8339-5A600E6FF146}.Release|Any CPU.Build.0 = Release|Any CPU
		{5421AA22-A458-4509-9BBD-37B5A21183EC}.Debug|Any CPU.ActiveCfg = Debug|Any CPU
		{5421AA22-A458-4509-9BBD-37B5A21183EC}.Debug|Any CPU.Build.0 = Debug|Any CPU
		{5421AA22-A458-4509-9BBD-37B5A21183EC}.Release|Any CPU.ActiveCfg = Release|Any CPU
		{5421AA22-A458-4509-9BBD-37B5A21183EC}.Release|Any CPU.Build.0 = Release|Any CPU
		{3CA76D96-33D5-42F9-879E-C213D6182288}.Debug|Any CPU.ActiveCfg = Debug|Any CPU
		{3CA76D96-33D5-42F9-879E-C213D6182288}.Debug|Any CPU.Build.0 = Debug|Any CPU
		{3CA76D96-33D5-42F9-879E-C213D6182288}.Release|Any CPU.ActiveCfg = Release|Any CPU
		{3CA76D96-33D5-42F9-879E-C213D6182288}.Release|Any CPU.Build.0 = Release|Any CPU
		{32EA1B75-AD7B-4115-9368-7D7EF3D60CB6}.Debug|Any CPU.ActiveCfg = Debug|Any CPU
		{32EA1B75-AD7B-4115-9368-7D7EF3D60CB6}.Debug|Any CPU.Build.0 = Debug|Any CPU
		{32EA1B75-AD7B-4115-9368-7D7EF3D60CB6}.Release|Any CPU.ActiveCfg = Release|Any CPU
		{32EA1B75-AD7B-4115-9368-7D7EF3D60CB6}.Release|Any CPU.Build.0 = Release|Any CPU
		{DB1D17B8-0070-4261-8ABC-2BC031132D89}.Debug|Any CPU.ActiveCfg = Debug|Any CPU
		{DB1D17B8-0070-4261-8ABC-2BC031132D89}.Debug|Any CPU.Build.0 = Debug|Any CPU
		{DB1D17B8-0070-4261-8ABC-2BC031132D89}.Release|Any CPU.ActiveCfg = Release|Any CPU
		{DB1D17B8-0070-4261-8ABC-2BC031132D89}.Release|Any CPU.Build.0 = Release|Any CPU
		{DD09EF6F-9385-4B47-8285-B218817620AB}.Debug|Any CPU.ActiveCfg = Debug|Any CPU
		{DD09EF6F-9385-4B47-8285-B218817620AB}.Debug|Any CPU.Build.0 = Debug|Any CPU
		{DD09EF6F-9385-4B47-8285-B218817620AB}.Release|Any CPU.ActiveCfg = Release|Any CPU
		{DD09EF6F-9385-4B47-8285-B218817620AB}.Release|Any CPU.Build.0 = Release|Any CPU
		{29553B68-8B72-4DAE-A5E3-F5B56DD26A08}.Debug|Any CPU.ActiveCfg = Debug|Any CPU
		{29553B68-8B72-4DAE-A5E3-F5B56DD26A08}.Debug|Any CPU.Build.0 = Debug|Any CPU
		{29553B68-8B72-4DAE-A5E3-F5B56DD26A08}.Release|Any CPU.ActiveCfg = Release|Any CPU
		{29553B68-8B72-4DAE-A5E3-F5B56DD26A08}.Release|Any CPU.Build.0 = Release|Any CPU
		{7925D29C-F286-4FAB-B686-CEB291EC7D8F}.Debug|Any CPU.ActiveCfg = Debug|Any CPU
		{7925D29C-F286-4FAB-B686-CEB291EC7D8F}.Debug|Any CPU.Build.0 = Debug|Any CPU
		{7925D29C-F286-4FAB-B686-CEB291EC7D8F}.Release|Any CPU.ActiveCfg = Release|Any CPU
		{7925D29C-F286-4FAB-B686-CEB291EC7D8F}.Release|Any CPU.Build.0 = Release|Any CPU
		{8548419C-B910-4CF5-BE54-42122241F850}.Debug|Any CPU.ActiveCfg = Debug|Any CPU
		{8548419C-B910-4CF5-BE54-42122241F850}.Debug|Any CPU.Build.0 = Debug|Any CPU
		{8548419C-B910-4CF5-BE54-42122241F850}.Release|Any CPU.ActiveCfg = Release|Any CPU
		{8548419C-B910-4CF5-BE54-42122241F850}.Release|Any CPU.Build.0 = Release|Any CPU
		{D129A091-0057-4F8E-8A60-5B7717929AB6}.Debug|Any CPU.ActiveCfg = Debug|Any CPU
		{D129A091-0057-4F8E-8A60-5B7717929AB6}.Debug|Any CPU.Build.0 = Debug|Any CPU
		{D129A091-0057-4F8E-8A60-5B7717929AB6}.Release|Any CPU.ActiveCfg = Release|Any CPU
		{D129A091-0057-4F8E-8A60-5B7717929AB6}.Release|Any CPU.Build.0 = Release|Any CPU
		{8D85A3B6-5F03-4AED-9718-E253BFAC880B}.Debug|Any CPU.ActiveCfg = Debug|Any CPU
		{8D85A3B6-5F03-4AED-9718-E253BFAC880B}.Debug|Any CPU.Build.0 = Debug|Any CPU
		{8D85A3B6-5F03-4AED-9718-E253BFAC880B}.Release|Any CPU.ActiveCfg = Release|Any CPU
		{8D85A3B6-5F03-4AED-9718-E253BFAC880B}.Release|Any CPU.Build.0 = Release|Any CPU
		{97AB0C77-12BA-43E8-8014-E71836BD8935}.Debug|Any CPU.ActiveCfg = Debug|Any CPU
		{97AB0C77-12BA-43E8-8014-E71836BD8935}.Debug|Any CPU.Build.0 = Debug|Any CPU
		{97AB0C77-12BA-43E8-8014-E71836BD8935}.Release|Any CPU.ActiveCfg = Release|Any CPU
		{97AB0C77-12BA-43E8-8014-E71836BD8935}.Release|Any CPU.Build.0 = Release|Any CPU
	EndGlobalSection
	GlobalSection(NestedProjects) = preSolution
		{D737E25D-A989-44A7-8339-5A600E6FF146} = {0F390FC0-0211-4288-86E1-A3FCED9A4F5C}
		{5421AA22-A458-4509-9BBD-37B5A21183EC} = {0F390FC0-0211-4288-86E1-A3FCED9A4F5C}
		{3CA76D96-33D5-42F9-879E-C213D6182288} = {0F390FC0-0211-4288-86E1-A3FCED9A4F5C}
		{32EA1B75-AD7B-4115-9368-7D7EF3D60CB6} = {0F390FC0-0211-4288-86E1-A3FCED9A4F5C}
		{DB1D17B8-0070-4261-8ABC-2BC031132D89} = {0F390FC0-0211-4288-86E1-A3FCED9A4F5C}
		{DD09EF6F-9385-4B47-8285-B218817620AB} = {210A4BB9-8A4C-4531-B111-499947D6E572}
		{29553B68-8B72-4DAE-A5E3-F5B56DD26A08} = {210A4BB9-8A4C-4531-B111-499947D6E572}
		{7925D29C-F286-4FAB-B686-CEB291EC7D8F} = {210A4BB9-8A4C-4531-B111-499947D6E572}
		{8548419C-B910-4CF5-BE54-42122241F850} = {210A4BB9-8A4C-4531-B111-499947D6E572}
		{D129A091-0057-4F8E-8A60-5B7717929AB6} = {210A4BB9-8A4C-4531-B111-499947D6E572}
		{8D85A3B6-5F03-4AED-9718-E253BFAC880B} = {210A4BB9-8A4C-4531-B111-499947D6E572}
		{8160195C-5070-4686-9FCC-967DC01D002D} = {AB37A8DC-1B5B-4DF0-8B2D-15D80C55E235}
		{97AB0C77-12BA-43E8-8014-E71836BD8935} = {AB37A8DC-1B5B-4DF0-8B2D-15D80C55E235}
	EndGlobalSection
EndGlobal
